# This file is generated by running "yarn install" inside your project.
# Manual changes might be lost - proceed with caution!

__metadata:
  version: 6
  cacheKey: 8

"axios@npm:^0.24.0":
  version: 0.24.0
  resolution: "axios@npm:0.24.0"
  dependencies:
    follow-redirects: ^1.14.4
  checksum: 468cf496c08a6aadfb7e699bebdac02851e3043d4e7d282350804ea8900e30d368daa6e3cd4ab83b8ddb5a3b1e17a5a21ada13fc9cebd27b74828f47a4236316
  languageName: node
  linkType: hard

"follow-redirects@npm:^1.14.4":
  version: 1.14.5
  resolution: "follow-redirects@npm:1.14.5"
  peerDependenciesMeta:
    debug:
      optional: true
  checksum: f004a76b2ee3a849772c2816e30928253bf47537b0f00184d89f4966413add96a228a4d96ca8c702bc045a683c52c2ba41545c915cc1a5e33bf8fd9d07b59aee
  languageName: node
  linkType: hard

"nuist-login@workspace:.":
  version: 0.0.0-use.local
  resolution: "nuist-login@workspace:."
  dependencies:
    axios: ^0.24.0
  languageName: unknown
  linkType: soft
